
Microsoft Visual Studio Solution File, Format Version 12.00
# Visual Studio Version 16
VisualStudioVersion = 16.0.29503.13
MinimumVisualStudioVersion = 10.0.40219.1
Project("{FAE04EC0-301F-11D3-BF4B-00C04F79EFBC}") = "wizut_steganografia", "wizut_steganografia\wizut_steganografia.csproj", "{74D867E8-5F2B-41A1-81CE-1E3DF2A92015}"
EndProject
Global
	GlobalSection(SolutionConfigurationPlatforms) = preSolution
		Debug|Any CPU = Debug|Any CPU
		Release|Any CPU = Release|Any CPU
	EndGlobalSection
	GlobalSection(ProjectConfigurationPlatforms) = postSolution
		{74D867E8-5F2B-41A1-81CE-1E3DF2A92015}.Debug|Any CPU.ActiveCfg = Debug|Any CPU
		{74D867E8-5F2B-41A1-81CE-1E3DF2A92015}.Debug|Any CPU.Build.0 = Debug|Any CPU
		{74D867E8-5F2B-41A1-81CE-1E3DF2A92015}.Release|Any CPU.ActiveCfg = Release|Any CPU
		{74D867E8-5F2B-41A1-81CE-1E3DF2A92015}.Release|Any CPU.Build.0 = Release|Any CPU
	EndGlobalSection
	GlobalSection(SolutionProperties) = preSolution
		HideSolutionNode = FALSE
	EndGlobalSection
	GlobalSection(ExtensibilityGlobals) = postSolution
		SolutionGuid = {E59E12EA-5C29-43F7-B2EB-D0E900A6CB08}
	EndGlobalSection
EndGlobal
